
Microsoft Visual Studio Solution File, Format Version 12.00
# Visual Studio 14
VisualStudioVersion = 14.0.24720.0
MinimumVisualStudioVersion = 10.0.40219.1
Project("{FAE04EC0-301F-11D3-BF4B-00C04F79EFBC}") = "Weather", "Weather\Weather.csproj", "{CD2BF417-9D6B-4F97-ABCE-A958271157AE}"
EndProject
Project("{FAE04EC0-301F-11D3-BF4B-00C04F79EFBC}") = "Component1", "Weather\ClassLibrary1\Component1.csproj", "{478BF9BA-3702-48F2-AF77-587E34C5BF04}"
EndProject
Global
	GlobalSection(SolutionConfigurationPlatforms) = preSolution
		Debug|Any CPU = Debug|Any CPU
		Release|Any CPU = Release|Any CPU
	EndGlobalSection
	GlobalSection(ProjectConfigurationPlatforms) = postSolution
		{CD2BF417-9D6B-4F97-ABCE-A958271157AE}.Debug|Any CPU.ActiveCfg = Debug|Any CPU
		{CD2BF417-9D6B-4F97-ABCE-A958271157AE}.Debug|Any CPU.Build.0 = Debug|Any CPU
		{CD2BF417-9D6B-4F97-ABCE-A958271157AE}.Release|Any CPU.ActiveCfg = Release|Any CPU
		{CD2BF417-9D6B-4F97-ABCE-A958271157AE}.Release|Any CPU.Build.0 = Release|Any CPU
		{478BF9BA-3702-48F2-AF77-587E34C5BF04}.Debug|Any CPU.ActiveCfg = Debug|Any CPU
		{478BF9BA-3702-48F2-AF77-587E34C5BF04}.Debug|Any CPU.Build.0 = Debug|Any CPU
		{478BF9BA-3702-48F2-AF77-587E34C5BF04}.Release|Any CPU.ActiveCfg = Release|Any CPU
		{478BF9BA-3702-48F2-AF77-587E34C5BF04}.Release|Any CPU.Build.0 = Release|Any CPU
	EndGlobalSection
	GlobalSection(SolutionProperties) = preSolution
		HideSolutionNode = FALSE
	EndGlobalSection
EndGlobal
